{
  "name": "@xpr/12ft",
  "version": "0.0.0",
  "lockfileVersion": 2,
  "requires": true,
  "packages": {
    "": {
      "name": "@xpr/12ft",
      "version": "0.0.0",
      "license": "ISC",
      "devDependencies": {
        "@types/chrome": "^0.0.174",
        "@types/webextension-polyfill": "^0.8.2"
      }
    },
    "node_modules/@types/chrome": {
      "version": "0.0.174",
      "resolved": "https://zoominfo.jfrog.io/artifactory/api/npm/virtual-npm/@types/chrome/-/chrome-0.0.174.tgz",
      "integrity": "sha1-7hZ586T8V7ssO3aVeEWmivt9R4w=",
      "dev": true,
      "license": "MIT",
      "dependencies": {
        "@types/filesystem": "*",
        "@types/har-format": "*"
      }
    },
    "node_modules/@types/filesystem": {
      "version": "0.0.32",
      "resolved": "https://zoominfo.jfrog.io/artifactory/api/npm/virtual-npm/@types/filesystem/-/filesystem-0.0.32.tgz",
      "integrity": "sha1-MH33zAhKIpPDwaMRUbF4Bj4Kjt8=",
      "dev": true,
      "license": "MIT",
      "dependencies": {
        "@types/filewriter": "*"
      }
    },
    "node_modules/@types/filewriter": {
      "version": "0.0.29",
      "resolved": "https://zoominfo.jfrog.io/artifactory/api/npm/virtual-npm/@types/filewriter/-/filewriter-0.0.29.tgz",
      "integrity": "sha1-pIeV7K35V/bA0Q4MNK+GwJj6W+4=",
      "dev": true,
      "license": "MIT"
    },
    "node_modules/@types/har-format": {
      "version": "1.2.8",
      "resolved": "https://zoominfo.jfrog.io/artifactory/api/npm/virtual-npm/@types/har-format/-/har-format-1.2.8.tgz",
      "integrity": "sha1-5pCLdtTIi+PbZChGu4tFXwv7HE4=",
      "dev": true,
      "license": "MIT"
    },
    "node_modules/@types/webextension-polyfill": {
      "version": "0.8.2",
      "resolved": "https://zoominfo.jfrog.io/artifactory/api/npm/virtual-npm/@types/webextension-polyfill/-/webextension-polyfill-0.8.2.tgz",
      "integrity": "sha1-2Qk3HTMs4+GpRoRiTesKhpPu6QA=",
      "dev": true,
      "license": "MIT"
    }
  },
  "dependencies": {
    "@types/chrome": {
      "version": "0.0.174",
      "resolved": "https://zoominfo.jfrog.io/artifactory/api/npm/virtual-npm/@types/chrome/-/chrome-0.0.174.tgz",
      "integrity": "sha1-7hZ586T8V7ssO3aVeEWmivt9R4w=",
      "dev": true,
      "requires": {
        "@types/filesystem": "*",
        "@types/har-format": "*"
      }
    },
    "@types/filesystem": {
      "version": "0.0.32",
      "resolved": "https://zoominfo.jfrog.io/artifactory/api/npm/virtual-npm/@types/filesystem/-/filesystem-0.0.32.tgz",
      "integrity": "sha1-MH33zAhKIpPDwaMRUbF4Bj4Kjt8=",
      "dev": true,
      "requires": {
        "@types/filewriter": "*"
      }
    },
    "@types/filewriter": {
      "version": "0.0.29",
      "resolved": "https://zoominfo.jfrog.io/artifactory/api/npm/virtual-npm/@types/filewriter/-/filewriter-0.0.29.tgz",
      "integrity": "sha1-pIeV7K35V/bA0Q4MNK+GwJj6W+4=",
      "dev": true
    },
    "@types/har-format": {
      "version": "1.2.8",
      "resolved": "https://zoominfo.jfrog.io/artifactory/api/npm/virtual-npm/@types/har-format/-/har-format-1.2.8.tgz",
      "integrity": "sha1-5pCLdtTIi+PbZChGu4tFXwv7HE4=",
      "dev": true
    },
    "@types/webextension-polyfill": {
      "version": "0.8.2",
      "resolved": "https://zoominfo.jfrog.io/artifactory/api/npm/virtual-npm/@types/webextension-polyfill/-/webextension-polyfill-0.8.2.tgz",
      "integrity": "sha1-2Qk3HTMs4+GpRoRiTesKhpPu6QA=",
      "dev": true
    }
  }
}
