{
  "name": "@xpr/12ft",
  "version": "0.0.0",
  "lockfileVersion": 2,
  "requires": true,
  "packages": {
    "": {
      "name": "@xpr/12ft",
      "version": "0.0.0",
      "license": "ISC",
      "devDependencies": {
        "@types/chrome": "^0.0.174",
        "@types/webextension-polyfill": "^0.8.2"
      }
    },
    "node_modules/@types/chrome": {
      "version": "0.0.174",
      "dev": true,
      "license": "MIT",
      "dependencies": {
        "@types/filesystem": "*",
        "@types/har-format": "*"
      }
    },
    "node_modules/@types/filesystem": {
      "version": "0.0.32",
      "dev": true,
      "license": "MIT",
      "dependencies": {
        "@types/filewriter": "*"
      }
    },
    "node_modules/@types/filewriter": {
      "version": "0.0.29",
      "dev": true,
      "license": "MIT"
    },
    "node_modules/@types/har-format": {
      "version": "1.2.8",
      "dev": true,
      "license": "MIT"
    },
    "node_modules/@types/webextension-polyfill": {
      "version": "0.8.3",
      "dev": true,
      "license": "MIT"
    }
  },
  "dependencies": {
    "@types/chrome": {
      "version": "0.0.174",
      "dev": true,
      "requires": {
        "@types/filesystem": "*",
        "@types/har-format": "*"
      }
    },
    "@types/filesystem": {
      "version": "0.0.32",
      "dev": true,
      "requires": {
        "@types/filewriter": "*"
      }
    },
    "@types/filewriter": {
      "version": "0.0.29",
      "dev": true
    },
    "@types/har-format": {
      "version": "1.2.8",
      "dev": true
    },
    "@types/webextension-polyfill": {
      "version": "0.8.3",
      "dev": true
    }
  }
}
